PODS:
  - DropDown (2.3.13)
  - YoonitCamera (2.2.1)

DEPENDENCIES:
  - DropDown
  - YoonitCamera (from `../../`)

SPEC REPOS:
  trunk:
    - DropDown

EXTERNAL SOURCES:
  YoonitCamera:
    :path: "../../"

SPEC CHECKSUMS:
  DropDown: 8a2116376c1981888557f72ec2ffc9a5e0e456ec
  YoonitCamera: 0428ca55617a7752cd8a0298963c5d5144ddad6d

PODFILE CHECKSUM: 01ed718a3d6dc39881ef3b45a7aac545c7752b78

COCOAPODS: 1.9.3
