PODS:
  - DropDown (2.3.13)
  - YoonitCamera (1.3.2)

DEPENDENCIES:
  - DropDown
  - YoonitCamera (from `../../`)

SPEC REPOS:
  trunk:
    - DropDown

EXTERNAL SOURCES:
  YoonitCamera:
    :path: "../../"

SPEC CHECKSUMS:
  DropDown: 8a2116376c1981888557f72ec2ffc9a5e0e456ec
  YoonitCamera: 6f60101f0819f3db5766e4d3829825ea638cd8e4

PODFILE CHECKSUM: 01ed718a3d6dc39881ef3b45a7aac545c7752b78

COCOAPODS: 1.9.3
